
Microsoft Visual Studio Solution File, Format Version 12.00
# Visual Studio Version 16
VisualStudioVersion = 16.0.30114.105
MinimumVisualStudioVersion = 10.0.40219.1
Project("{FAE04EC0-301F-11D3-BF4B-00C04F79EFBC}") = "GeneraXML", "GeneraXML\GeneraXML.csproj", "{BA416A67-50D1-4469-8A0A-0390D8AC076E}"
EndProject
Project("{FAE04EC0-301F-11D3-BF4B-00C04F79EFBC}") = "ConsoleGeneraXML", "ConsoleGeneraXML\ConsoleGeneraXML.csproj", "{B72A0F60-B2A7-41C1-9053-7C121D1D43F6}"
EndProject
Global
	GlobalSection(SolutionConfigurationPlatforms) = preSolution
		Debug|Any CPU = Debug|Any CPU
		Release|Any CPU = Release|Any CPU
	EndGlobalSection
	GlobalSection(ProjectConfigurationPlatforms) = postSolution
		{BA416A67-50D1-4469-8A0A-0390D8AC076E}.Debug|Any CPU.ActiveCfg = Debug|Any CPU
		{BA416A67-50D1-4469-8A0A-0390D8AC076E}.Debug|Any CPU.Build.0 = Debug|Any CPU
		{BA416A67-50D1-4469-8A0A-0390D8AC076E}.Release|Any CPU.ActiveCfg = Release|Any CPU
		{BA416A67-50D1-4469-8A0A-0390D8AC076E}.Release|Any CPU.Build.0 = Release|Any CPU
		{B72A0F60-B2A7-41C1-9053-7C121D1D43F6}.Debug|Any CPU.ActiveCfg = Debug|Any CPU
		{B72A0F60-B2A7-41C1-9053-7C121D1D43F6}.Debug|Any CPU.Build.0 = Debug|Any CPU
		{B72A0F60-B2A7-41C1-9053-7C121D1D43F6}.Release|Any CPU.ActiveCfg = Release|Any CPU
		{B72A0F60-B2A7-41C1-9053-7C121D1D43F6}.Release|Any CPU.Build.0 = Release|Any CPU
	EndGlobalSection
	GlobalSection(SolutionProperties) = preSolution
		HideSolutionNode = FALSE
	EndGlobalSection
	GlobalSection(ExtensibilityGlobals) = postSolution
		SolutionGuid = {51538A25-02AB-4ED6-8E5B-D10EEA05C93E}
	EndGlobalSection
EndGlobal
